version = 1
revision = 3
requires-python = ">=3.14"

[[package]]
name = "cfgv"
version = "3.5.0"
source = { registry = "https://pypi.org/simple" }
sdist = { url = "https://files.pythonhosted.org/packages/4e/b5/721b8799b04bf9afe054a3899c6cf4e880fcf8563cc71c15610242490a0c/cfgv-3.5.0.tar.gz", hash = "sha256:d5b1034354820651caa73ede66a6294d6e95c1b00acc5e9b098e917404669132", size = 7334, upload-time = "2025-11-19T20:55:51.612Z" }
wheels = [
    { url = "https://files.pythonhosted.org/packages/db/3c/33bac158f8ab7f89b2e59426d5fe2e4f63f7ed25df84c036890172b412b5/cfgv-3.5.0-py2.py3-none-any.whl", hash = "sha256:a8dc6b26ad22ff227d2634a65cb388215ce6cc96bbcc5cfde7641ae87e8dacc0", size = 7445, upload-time = "2025-11-19T20:55:50.744Z" },
]

[[package]]
name = "distlib"
version = "0.4.3"
source = { registry = "https://pypi.org/simple" }
sdist = { url = "https://files.pythonhosted.org/packages/c9/02/bd72be9134d25ed783ecbbc38a539ffaefbf90c78418c7fb7229600dbac7/distlib-0.4.3.tar.gz", hash = "sha256:f152097224a0ae24be5a0f6bae1b9359af82133bce63f98a95f86cae1aede9ed", size = 615141, upload-time = "2026-06-12T08:04:52.847Z" }
wheels = [
    { url = "https://files.pythonhosted.org/packages/02/08/9c41fb51ab5b43eb21674aff13df270e8ba6c4b29c8624e328dc7a9482af/distlib-0.4.3-py2.py3-none-any.whl", hash = "sha256:4b0ce306c966eb73bc3a7b6abad017c556dadd92c44701562cd528ac7fde4d5b", size = 470628, upload-time = "2026-06-12T08:04:50.506Z" },
]

[[package]]
name = "filelock"
version = "3.32.0"
source = { registry = "https://pypi.org/simple" }
sdist = { url = "https://files.pythonhosted.org/packages/c0/80/8232b582c4b318b817cf1274ba74976b07b34d35ef439b3eb948f98645a1/filelock-3.32.0.tar.gz", hash = "sha256:7be2ad23a14607ccc71808e68fe30848aeace7058ace17852f68e2a68e310402", size = 213757, upload-time = "2026-07-21T13:17:42.898Z" }
wheels = [
    { url = "https://files.pythonhosted.org/packages/06/79/b4c714bef36bc4ec2beeae1e0c124f0223888cd8c6feb1cdc56038116920/filelock-3.32.0-py3-none-any.whl", hash = "sha256:d396bea984af47333ef05e50eae7eff88c84256de6112aea0ec48a233c064fe3", size = 97732, upload-time = "2026-07-21T13:17:41.55Z" },
]

[[package]]
name = "fishtest"
version = "0.1.0"
source = { virtual = "." }

[package.dev-dependencies]
dev = [
    { name = "pre-commit" },
    { name = "ruff" },
    { name = "ty" },
]

[package.metadata]

[package.metadata.requires-dev]
dev = [
    { name = "pre-commit", specifier = ">=4.6.1" },
    { name = "ruff", specifier = ">=0.15.22" },
    { name = "ty", specifier = ">=0.0.62" },
]

[[package]]
name = "identify"
version = "2.6.19"
source = { registry = "https://pypi.org/simple" }
sdist = { url = "https://files.pythonhosted.org/packages/52/63/51723b5f116cc04b061cb6f5a561790abf249d25931d515cd375e063e0f4/identify-2.6.19.tar.gz", hash = "sha256:6be5020c38fcb07da56c53733538a3081ea5aa70d36a156f83044bfbf9173842", size = 99567, upload-time = "2026-04-17T18:39:50.265Z" }
wheels = [
    { url = "https://files.pythonhosted.org/packages/94/84/d9273cd09688070a6523c4aee4663a8538721b2b755c4962aafae0011e72/identify-2.6.19-py2.py3-none-any.whl", hash = "sha256:20e6a87f786f768c092a721ad107fc9df0eb89347be9396cadf3f4abbd1fb78a", size = 99397, upload-time = "2026-04-17T18:39:49.221Z" },
]

[[package]]
name = "nodeenv"
version = "1.10.0"
source = { registry = "https://pypi.org/simple" }
sdist = { url = "https://files.pythonhosted.org/packages/24/bf/d1bda4f6168e0b2e9e5958945e01910052158313224ada5ce1fb2e1113b8/nodeenv-1.10.0.tar.gz", hash = "sha256:996c191ad80897d076bdfba80a41994c2b47c68e224c542b48feba42ba00f8bb", size = 55611, upload-time = "2025-12-20T14:08:54.006Z" }
wheels = [
    { url = "https://files.pythonhosted.org/packages/88/b2/d0896bdcdc8d28a7fc5717c305f1a861c26e18c05047949fb371034d98bd/nodeenv-1.10.0-py2.py3-none-any.whl", hash = "sha256:5bb13e3eed2923615535339b3c620e76779af4cb4c6a90deccc9e36b274d3827", size = 23438, upload-time = "2025-12-20T14:08:52.782Z" },
]

[[package]]
name = "platformdirs"
version = "4.11.0"
source = { registry = "https://pypi.org/simple" }
sdist = { url = "https://files.pythonhosted.org/packages/78/9b/560e4be8e26f6fd133a03630a8df0c663b9e8d61b4ade152b72005aec83b/platformdirs-4.11.0.tar.gz", hash = "sha256:0555d18370482847566ffabcaa53ad7c6c1c29f195989ae1ed634a05f76ea1e0", size = 31953, upload-time = "2026-07-21T13:09:36.565Z" }
wheels = [
    { url = "https://files.pythonhosted.org/packages/7d/68/d8d58938dfb1370b266a1a729e6d77a985be23689a0496498ee17b2cbf90/platformdirs-4.11.0-py3-none-any.whl", hash = "sha256:360ccded2b7fce0af0ff80cc8f5942a1c5d99b0e856033acb030bfc634709e74", size = 23247, upload-time = "2026-07-21T13:09:35.422Z" },
]

[[package]]
name = "pre-commit"
version = "4.6.1"
source = { registry = "https://pypi.org/simple" }
dependencies = [
    { name = "cfgv" },
    { name = "identify" },
    { name = "nodeenv" },
    { name = "pyyaml" },
    { name = "virtualenv" },
]
sdist = { url = "https://files.pythonhosted.org/packages/25/3a/ddb78f32a0814e66b18a099377a106a2dcdce92d86a034d69d65df9b256e/pre_commit-4.6.1.tar.gz", hash = "sha256:03e809865c7d178b9979d06c761fcbfe6808fdaded8581a745bb110e52050421", size = 198646, upload-time = "2026-07-21T20:56:58.225Z" }
wheels = [
    { url = "https://files.pythonhosted.org/packages/fb/49/bc925106abcdac498074f2cbe6137e94e09f418dd2b7775df5b577dc0313/pre_commit-4.6.1-py2.py3-none-any.whl", hash = "sha256:0e3b2942510d1fb34eec167a3ec57331bf8442122f1153a9fb8b58f5c49b2717", size = 226186, upload-time = "2026-07-21T20:56:57.064Z" },
]

[[package]]
name = "python-discovery"
version = "1.5.0"
source = { registry = "https://pypi.org/simple" }
dependencies = [
    { name = "filelock" },
    { name = "platformdirs" },
]
sdist = { url = "https://files.pythonhosted.org/packages/f1/51/276f964496a5714ab9f320896195639086881c2b39c03b5ad13de84acbb8/python_discovery-1.5.0.tar.gz", hash = "sha256:3e014c6327154d3dda27939a9a0dc9c5c000439f1906d3f303b48f984bd2ecef", size = 72483, upload-time = "2026-07-21T13:14:14.641Z" }
wheels = [
    { url = "https://files.pythonhosted.org/packages/c7/7b/14882602ddee241d7984a742fcb423cb4a30fb0d6efc546ac3129fba475a/python_discovery-1.5.0-py3-none-any.whl", hash = "sha256:70c4fc61b4e7404e44f01d6fc44a715c4d685ca6cea83d295922f05891877c98", size = 34205, upload-time = "2026-07-21T13:14:13.398Z" },
]

[[package]]
name = "pyyaml"
version = "6.0.3"
source = { registry = "https://pypi.org/simple" }
sdist = { url = "https://files.pythonhosted.org/packages/05/8e/961c0007c59b8dd7729d542c61a4d537767a59645b82a0b521206e1e25c2/pyyaml-6.0.3.tar.gz", hash = "sha256:d76623373421df22fb4cf8817020cbb7ef15c725b9d5e45f17e189bfc384190f", size = 130960, upload-time = "2025-09-25T21:33:16.546Z" }
wheels = [
    { url = "https://files.pythonhosted.org/packages/9d/8c/f4bd7f6465179953d3ac9bc44ac1a8a3e6122cf8ada906b4f96c60172d43/pyyaml-6.0.3-cp314-cp314-macosx_10_13_x86_64.whl", hash = "sha256:8d1fab6bb153a416f9aeb4b8763bc0f22a5586065f86f7664fc23339fc1c1fac", size = 181814, upload-time = "2025-09-25T21:32:35.712Z" },
    { url = "https://files.pythonhosted.org/packages/bd/9c/4d95bb87eb2063d20db7b60faa3840c1b18025517ae857371c4dd55a6b3a/pyyaml-6.0.3-cp314-cp314-macosx_11_0_arm64.whl", hash = "sha256:34d5fcd24b8445fadc33f9cf348c1047101756fd760b4dacb5c3e99755703310", size = 173809, upload-time = "2025-09-25T21:32:36.789Z" },
    { url = "https://files.pythonhosted.org/packages/92/b5/47e807c2623074914e29dabd16cbbdd4bf5e9b2db9f8090fa64411fc5382/pyyaml-6.0.3-cp314-cp314-manylinux2014_aarch64.manylinux_2_17_aarch64.manylinux_2_28_aarch64.whl", hash = "sha256:501a031947e3a9025ed4405a168e6ef5ae3126c59f90ce0cd6f2bfc477be31b7", size = 766454, upload-time = "2025-09-25T21:32:37.966Z" },
    { url = "https://files.pythonhosted.org/packages/02/9e/e5e9b168be58564121efb3de6859c452fccde0ab093d8438905899a3a483/pyyaml-6.0.3-cp314-cp314-manylinux2014_s390x.manylinux_2_17_s390x.manylinux_2_28_s390x.whl", hash = "sha256:b3bc83488de33889877a0f2543ade9f70c67d66d9ebb4ac959502e12de895788", size = 836355, upload-time = "2025-09-25T21:32:39.178Z" },
    { url = "https://files.pythonhosted.org/packages/88/f9/16491d7ed2a919954993e48aa941b200f38040928474c9e85ea9e64222c3/pyyaml-6.0.3-cp314-cp314-manylinux2014_x86_64.manylinux_2_17_x86_64.manylinux_2_28_x86_64.whl", hash = "sha256:c458b6d084f9b935061bc36216e8a69a7e293a2f1e68bf956dcd9e6cbcd143f5", size = 794175, upload-time = "2025-09-25T21:32:40.865Z" },
    { url = "https://files.pythonhosted.org/packages/dd/3f/5989debef34dc6397317802b527dbbafb2b4760878a53d4166579111411e/pyyaml-6.0.3-cp314-cp314-musllinux_1_2_aarch64.whl", hash = "sha256:7c6610def4f163542a622a73fb39f534f8c101d690126992300bf3207eab9764", size = 755228, upload-time = "2025-09-25T21:32:42.084Z" },
    { url = "https://files.pythonhosted.org/packages/d7/ce/af88a49043cd2e265be63d083fc75b27b6ed062f5f9fd6cdc223ad62f03e/pyyaml-6.0.3-cp314-cp314-musllinux_1_2_x86_64.whl", hash = "sha256:5190d403f121660ce8d1d2c1bb2ef1bd05b5f68533fc5c2ea899bd15f4399b35", size = 789194, upload-time = "2025-09-25T21:32:43.362Z" },
    { url = "https://files.pythonhosted.org/packages/23/20/bb6982b26a40bb43951265ba29d4c246ef0ff59c9fdcdf0ed04e0687de4d/pyyaml-6.0.3-cp314-cp314-win_amd64.whl", hash = "sha256:4a2e8cebe2ff6ab7d1050ecd59c25d4c8bd7e6f400f5f82b96557ac0abafd0ac", size = 156429, upload-time = "2025-09-25T21:32:57.844Z" },
    { url = "https://files.pythonhosted.org/packages/f4/f4/a4541072bb9422c8a883ab55255f918fa378ecf083f5b85e87fc2b4eda1b/pyyaml-6.0.3-cp314-cp314-win_arm64.whl", hash = "sha256:93dda82c9c22deb0a405ea4dc5f2d0cda384168e466364dec6255b293923b2f3", size = 143912, upload-time = "2025-09-25T21:32:59.247Z" },
    { url = "https://files.pythonhosted.org/packages/7c/f9/07dd09ae774e4616edf6cda684ee78f97777bdd15847253637a6f052a62f/pyyaml-6.0.3-cp314-cp314t-macosx_10_13_x86_64.whl", hash = "sha256:02893d100e99e03eda1c8fd5c441d8c60103fd175728e23e431db1b589cf5ab3", size = 189108, upload-time = "2025-09-25T21:32:44.377Z" },
    { url = "https://files.pythonhosted.org/packages/4e/78/8d08c9fb7ce09ad8c38ad533c1191cf27f7ae1effe5bb9400a46d9437fcf/pyyaml-6.0.3-cp314-cp314t-macosx_11_0_arm64.whl", hash = "sha256:c1ff362665ae507275af2853520967820d9124984e0f7466736aea23d8611fba", size = 183641, upload-time = "2025-09-25T21:32:45.407Z" },
    { url = "https://files.pythonhosted.org/packages/7b/5b/3babb19104a46945cf816d047db2788bcaf8c94527a805610b0289a01c6b/pyyaml-6.0.3-cp314-cp314t-manylinux2014_aarch64.manylinux_2_17_aarch64.manylinux_2_28_aarch64.whl", hash = "sha256:6adc77889b628398debc7b65c073bcb99c4a0237b248cacaf3fe8a557563ef6c", size = 831901, upload-time = "2025-09-25T21:32:48.83Z" },
    { url = "https://files.pythonhosted.org/packages/8b/cc/dff0684d8dc44da4d22a13f35f073d558c268780ce3c6ba1b87055bb0b87/pyyaml-6.0.3-cp314-cp314t-manylinux2014_s390x.manylinux_2_17_s390x.manylinux_2_28_s390x.whl", hash = "sha256:a80cb027f6b349846a3bf6d73b5e95e782175e52f22108cfa17876aaeff93702", size = 861132, upload-time = "2025-09-25T21:32:50.149Z" },
    { url = "https://files.pythonhosted.org/packages/b1/5e/f77dc6b9036943e285ba76b49e118d9ea929885becb0a29ba8a7c75e29fe/pyyaml-6.0.3-cp314-cp314t-manylinux2014_x86_64.manylinux_2_17_x86_64.manylinux_2_28_x86_64.whl", hash = "sha256:00c4bdeba853cc34e7dd471f16b4114f4162dc03e6b7afcc2128711f0eca823c", size = 839261, upload-time = "2025-09-25T21:32:51.808Z" },
    { url = "https://files.pythonhosted.org/packages/ce/88/a9db1376aa2a228197c58b37302f284b5617f56a5d959fd1763fb1675ce6/pyyaml-6.0.3-cp314-cp314t-musllinux_1_2_aarch64.whl", hash = "sha256:66e1674c3ef6f541c35191caae2d429b967b99e02040f5ba928632d9a7f0f065", size = 805272, upload-time = "2025-09-25T21:32:52.941Z" },
    { url = "https://files.pythonhosted.org/packages/da/92/1446574745d74df0c92e6aa4a7b0b3130706a4142b2d1a5869f2eaa423c6/pyyaml-6.0.3-cp314-cp314t-musllinux_1_2_x86_64.whl", hash = "sha256:16249ee61e95f858e83976573de0f5b2893b3677ba71c9dd36b9cf8be9ac6d65", size = 829923, upload-time = "2025-09-25T21:32:54.537Z" },
    { url = "https://files.pythonhosted.org/packages/f0/7a/1c7270340330e575b92f397352af856a8c06f230aa3e76f86b39d01b416a/pyyaml-6.0.3-cp314-cp314t-win_amd64.whl", hash = "sha256:4ad1906908f2f5ae4e5a8ddfce73c320c2a1429ec52eafd27138b7f1cbe341c9", size = 174062, upload-time = "2025-09-25T21:32:55.767Z" },
    { url = "https://files.pythonhosted.org/packages/f1/12/de94a39c2ef588c7e6455cfbe7343d3b2dc9d6b6b2f40c4c6565744c873d/pyyaml-6.0.3-cp314-cp314t-win_arm64.whl", hash = "sha256:ebc55a14a21cb14062aa4162f906cd962b28e2e9ea38f9b4391244cd8de4ae0b", size = 149341, upload-time = "2025-09-25T21:32:56.828Z" },
]

[[package]]
name = "ruff"
version = "0.15.22"
source = { registry = "https://pypi.org/simple" }
sdist = { url = "https://files.pythonhosted.org/packages/3a/06/ae069393fc66e8ff33036d4b368003833bf6e88ccf182e17e7a2f1c754fd/ruff-0.15.22.tar.gz", hash = "sha256:3f15175b1fb580126f58285a5dae6b2ea89000136d980c64499211f116b54809", size = 4785063, upload-time = "2026-07-16T15:14:13.244Z" }
wheels = [
    { url = "https://files.pythonhosted.org/packages/23/18/ee54b7ae1e121be7a28ea6da4b67564ebb0530e183a54415ab7e3bcd2c4e/ruff-0.15.22-py3-none-linux_armv6l.whl", hash = "sha256:44423e73493737f5e7c5b41d475483898ff37afcdae38bc3da5085e29af1c2d8", size = 10781258, upload-time = "2026-07-16T15:13:19.452Z" },
    { url = "https://files.pythonhosted.org/packages/2f/d2/2520cb14761ddbeaf57642a76942fc36adcbdbe53b4532241995f6fc485c/ruff-0.15.22-py3-none-macosx_10_12_x86_64.whl", hash = "sha256:b82c6482946e9eda7ff2e091d25b8bad3f718684e1916d41bd56873cee05b697", size = 10999477, upload-time = "2026-07-16T15:13:23.318Z" },
    { url = "https://files.pythonhosted.org/packages/c9/10/74e53572aa758dfaa678c2a2646b5c5515d884b7ca56be4d2ce03ca4b560/ruff-0.15.22-py3-none-macosx_11_0_arm64.whl", hash = "sha256:11c1c715af53a09f714e011106bffc419751ec8232fcb5da42173284ea3fec6f", size = 10466716, upload-time = "2026-07-16T15:13:26.162Z" },
    { url = "https://files.pythonhosted.org/packages/1e/cc/44eaaf0844e028182f2d0a8f2190d0f359159aed0a9e5ab861d892f1ae2a/ruff-0.15.22-py3-none-manylinux_2_17_aarch64.manylinux2014_aarch64.whl", hash = "sha256:742a29cf29bddb7c8327895d6a10e0e6c5b38a96dd407af9b5d0857f809c0576", size = 10892644, upload-time = "2026-07-16T15:13:29.229Z" },
    { url = "https://files.pythonhosted.org/packages/9f/21/8edf559014d2b0f82beea19cfb713993ad802ccda16868769979c6090a84/ruff-0.15.22-py3-none-manylinux_2_17_armv7l.manylinux2014_armv7l.whl", hash = "sha256:72af58b951b0ae395935ae79763dc349bc0eb706319d28f7a33ad2cfb3cfc178", size = 10576719, upload-time = "2026-07-16T15:13:32.35Z" },
    { url = "https://files.pythonhosted.org/packages/bf/1e/3a13abd392a3b50b62e5938a831f9ab6e588358cacad5c18545b716d2182/ruff-0.15.22-py3-none-manylinux_2_17_i686.manylinux2014_i686.whl", hash = "sha256:62d425005c1835eb24e2ee4161cb90e8db263415f4a71c8c72c33abaa6c0c224", size = 11376494, upload-time = "2026-07-16T15:13:35.958Z" },
    { url = "https://files.pythonhosted.org/packages/bf/3e/422d3d95bcf04dd78e1aeac22184d4f9a8fb2c01865d39d44618484a0317/ruff-0.15.22-py3-none-manylinux_2_17_ppc64le.manylinux2014_ppc64le.whl", hash = "sha256:e8b9b3f8779a4f08c969defc3c8c35abffaa757e601ed5ae66d6d1db6519969a", size = 12208370, upload-time = "2026-07-16T15:13:39.185Z" },
    { url = "https://files.pythonhosted.org/packages/1e/91/5d065a0e0a02bf4813f5119ad278462eed081d2b832eb7c021ade0ec9e65/ruff-0.15.22-py3-none-manylinux_2_17_s390x.manylinux2014_s390x.whl", hash = "sha256:1e0dd1b2e4d3d585f897a0d137cbf4eaf6223bef4e8ce34d6bb12556c5f9249e", size = 11581098, upload-time = "2026-07-16T15:13:42.132Z" },
    { url = "https://files.pythonhosted.org/packages/f6/f9/a0d4871d12fae702eb1f41b686caf05f1f8b124dc6db6f784f53d74918fa/ruff-0.15.22-py3-none-manylinux_2_17_x86_64.manylinux2014_x86_64.whl", hash = "sha256:365523eb91d9224e1bcb03b022fbf0facb8f9e23792a2c53d9d4b3924bdbdebb", size = 11399422, upload-time = "2026-07-16T15:13:45.2Z" },
    { url = "https://files.pythonhosted.org/packages/18/80/c843a5176cddbceb0b7e8dd41cf9993490796c1c469348d384f5a5c13c56/ruff-0.15.22-py3-none-manylinux_2_31_riscv64.whl", hash = "sha256:fabfd168afdf29fee5be98b831efa9683c94d7c5a3b58b9ce5a2e38444589a74", size = 11381683, upload-time = "2026-07-16T15:13:48.46Z" },
    { url = "https://files.pythonhosted.org/packages/d4/00/8485de0ae92239438a36cfc51350db9b9e85c9ebdfaea91b18e422706662/ruff-0.15.22-py3-none-musllinux_1_2_aarch64.whl", hash = "sha256:225dbf095a87f1d9f90f5fd7924d2613ee452a75a4308c63a8f50f761787aa7c", size = 10850295, upload-time = "2026-07-16T15:13:51.655Z" },
    { url = "https://files.pythonhosted.org/packages/fa/91/24977ec2ec72eaf15e4394ace2959fdff2dd1e14f03e005e838023407169/ruff-0.15.22-py3-none-musllinux_1_2_armv7l.whl", hash = "sha256:1877d63b9d24ed278744f1523fd11b85540566d54641f97c566d7d9dc5ca5296", size = 10579640, upload-time = "2026-07-16T15:13:54.79Z" },
    { url = "https://files.pythonhosted.org/packages/9c/47/9b51216951974df1f263ac19da550d34252e0ed7218c25f10c5ef9ed7517/ruff-0.15.22-py3-none-musllinux_1_2_i686.whl", hash = "sha256:a1606c510bd7215680d32efab38965f7cdec3ef69f5170a3f4791404ffdd5262", size = 11105077, upload-time = "2026-07-16T15:13:57.915Z" },
    { url = "https://files.pythonhosted.org/packages/c2/47/20e9d4a3b8016778acea5fc32bb50d35d207500a17ddb529ffa6996feef8/ruff-0.15.22-py3-none-musllinux_1_2_x86_64.whl", hash = "sha256:630479b18625f5ffc373f77603a22a9f8ac0acd7ff0501178b5db28ec71e9c64", size = 11490980, upload-time = "2026-07-16T15:14:01.032Z" },
    { url = "https://files.pythonhosted.org/packages/4d/76/3f72d8fc38c1cb77b38c56a70da9d0c17700cc1cc50f9649c9d3c8f5ba71/ruff-0.15.22-py3-none-win32.whl", hash = "sha256:e5ba0e4a13fd14abbed2a77b517a3911290c6c6c59ef67784328d1668fab76cf", size = 10789165, upload-time = "2026-07-16T15:14:04.16Z" },
    { url = "https://files.pythonhosted.org/packages/cb/46/4965251734c2b6fcdca1b1b187d20bcac3af0ee5b083b89c910bb961ce3a/ruff-0.15.22-py3-none-win_amd64.whl", hash = "sha256:9be63ba1eb936acd2d1342fb8337c356353706fce233b2a15a09a97037e6acde", size = 11938297, upload-time = "2026-07-16T15:14:07.316Z" },
    { url = "https://files.pythonhosted.org/packages/57/c9/e69b1ff4c8b69093ef08b8919ab767af0569666865b39c30a8795d88d3c6/ruff-0.15.22-py3-none-win_arm64.whl", hash = "sha256:e1168075b72158510839f250027659cdd78476f40507dd517892304c41318661", size = 11298172, upload-time = "2026-07-16T15:14:10.51Z" },
]

[[package]]
name = "ty"
version = "0.0.62"
source = { registry = "https://pypi.org/simple" }
sdist = { url = "https://files.pythonhosted.org/packages/ff/2c/ecf9d6a7456e64ea9114d21e68edaea77ecda9151cc89dfd3ed0b673e4a9/ty-0.0.62.tar.gz", hash = "sha256:145b6feba4d5f38b6d595eb41f7a8ec1c970a0a83b79a70680e9e3b787a3e381", size = 6271717, upload-time = "2026-07-22T01:02:43.732Z" }
wheels = [
    { url = "https://files.pythonhosted.org/packages/e4/ab/cb629d65b4437b298214a095488a8d84ec349f225ed84da13763adfce08b/ty-0.0.62-py3-none-linux_armv6l.whl", hash = "sha256:3db167f0aef29e7c34d47414c9ce160fd045e9b2d6a0edd08d0331b4eaa3b9ad", size = 12045218, upload-time = "2026-07-22T01:02:04.497Z" },
    { url = "https://files.pythonhosted.org/packages/b7/c9/f6555aa3b0c46bf2a38891a2048c45616e836a6aab96dff847ab01cc83b3/ty-0.0.62-py3-none-macosx_10_12_x86_64.whl", hash = "sha256:aab3f1d6ca4c9ad1869e57164478694d9828ad1dfcadc192ece7215a20859197", size = 11688585, upload-time = "2026-07-22T01:02:06.795Z" },
    { url = "https://files.pythonhosted.org/packages/56/25/9f4a322c64ac8a4f2d1593749bb5932c5c964e557fe7788116fa029b2463/ty-0.0.62-py3-none-macosx_11_0_arm64.whl", hash = "sha256:69ce10b241f487b69ccdc36ca4ac4f4ba683172d24594b5d7296a66f7e26d15c", size = 11204179, upload-time = "2026-07-22T01:02:09.109Z" },
    { url = "https://files.pythonhosted.org/packages/ef/db/d9cf7d5343ff896c2d780caec3dcd0ee77493d8a4140b8aa49e15824abff/ty-0.0.62-py3-none-manylinux_2_17_aarch64.manylinux2014_aarch64.whl", hash = "sha256:fd736420acb009d00a2379e47be4085dd3e3cdbe5305bdf5acce0dd9082f1bbb", size = 11745874, upload-time = "2026-07-22T01:02:11.507Z" },
    { url = "https://files.pythonhosted.org/packages/4b/23/a575008c2ccdaacaf1c358be52087db449ea73a78c91c8afb30084d64cfc/ty-0.0.62-py3-none-manylinux_2_17_armv7l.manylinux2014_armv7l.whl", hash = "sha256:bca9a80e2e5fb72e88e31cf662aae3bd8d7e9e0005ab517a89c368267c992387", size = 11875688, upload-time = "2026-07-22T01:02:14.072Z" },
    { url = "https://files.pythonhosted.org/packages/df/92/43a6250b52a704169b6d864665f286f71588d95ff645941cc0e4ca026ab7/ty-0.0.62-py3-none-manylinux_2_17_i686.manylinux2014_i686.whl", hash = "sha256:9f8d2a35940bbdea1d28c36c83d3eaba08bf47990486a066b9cb3ae4fbb8625e", size = 12484062, upload-time = "2026-07-22T01:02:16.081Z" },
    { url = "https://files.pythonhosted.org/packages/92/34/35c698baa067a2543a32cd7237ad9bdc63dec1ce8b5b62b4686b4485fec4/ty-0.0.62-py3-none-manylinux_2_17_ppc64le.manylinux2014_ppc64le.whl", hash = "sha256:1f8257481a517f05e0621ef3b4ef4089a38ac03f17aa800c9f672df19fd03b3d", size = 13007869, upload-time = "2026-07-22T01:02:18.145Z" },
    { url = "https://files.pythonhosted.org/packages/2a/2c/e9dd785d62bcfeb9285cc030495288640f1942bf3228a791a3a30d72f7b4/ty-0.0.62-py3-none-manylinux_2_17_s390x.manylinux2014_s390x.whl", hash = "sha256:0b907322a2cecd3e25902878997d08de57cf0efbb27833f8b3378fbd4f218590", size = 12675651, upload-time = "2026-07-22T01:02:20.299Z" },
    { url = "https://files.pythonhosted.org/packages/36/86/5650d8b70bd80946afdb3aaefedd280a698b82d9066f18f8a47f58642230/ty-0.0.62-py3-none-manylinux_2_17_x86_64.manylinux2014_x86_64.whl", hash = "sha256:ac8b70f0b5494feed0a3cf47af579141e4c2e88faffcaeebcb4176e914b54b6a", size = 12324208, upload-time = "2026-07-22T01:02:22.671Z" },
    { url = "https://files.pythonhosted.org/packages/38/2d/278a17a0f47a90804a744e7d7a598c47fbc15a357ad5aaff563fee3bc65a/ty-0.0.62-py3-none-manylinux_2_31_riscv64.whl", hash = "sha256:059790546f9304a750f28ded9b964a7a27dec88e725d329a4b9ab5d944e83dd6", size = 12616124, upload-time = "2026-07-22T01:02:24.8Z" },
    { url = "https://files.pythonhosted.org/packages/1a/51/62741847bd646f8702b9ce61de496804a8ac52055afab8dbb94aaf64f431/ty-0.0.62-py3-none-musllinux_1_2_aarch64.whl", hash = "sha256:c9e83bc6d59e2b37a1d8923ffb7e2455fd35ad35821a3dc69c8459ca9cd28724", size = 11695150, upload-time = "2026-07-22T01:02:27.17Z" },
    { url = "https://files.pythonhosted.org/packages/0c/0d/74bd23f94a527bdc32d8366f51db157f75a3074e320c567a2eae83bd6d21/ty-0.0.62-py3-none-musllinux_1_2_armv7l.whl", hash = "sha256:f84ac4b606c3b4275a17f7b2f60cb0ca8216972bb7af2f515383ee6e4b1fb7f1", size = 11884562, upload-time = "2026-07-22T01:02:29.09Z" },
    { url = "https://files.pythonhosted.org/packages/dd/0e/2f42cc81436b5dc0070b4e353c74cbe94ce91ef5828753db921088dec500/ty-0.0.62-py3-none-musllinux_1_2_i686.whl", hash = "sha256:1c05f8f9cd720fa42744574bf3bda9b1b676f7876e33324b03b21aad81f651df", size = 12071773, upload-time = "2026-07-22T01:02:31.292Z" },
    { url = "https://files.pythonhosted.org/packages/42/24/0bd3c0069524bf7d5e610d92dd0698414372015461507280c8787c9cd25b/ty-0.0.62-py3-none-musllinux_1_2_x86_64.whl", hash = "sha256:88bef93008228890e990fe9e87f0504b8dea9f9f24534eb3a5ee9d8ab9e5cd4f", size = 12425247, upload-time = "2026-07-22T01:02:34.474Z" },
    { url = "https://files.pythonhosted.org/packages/3f/27/08505fa0d2bef8fe4107753bb02ed2da4e323103ff5d423b9cc9eea4346e/ty-0.0.62-py3-none-win32.whl", hash = "sha256:254690c758e9d0ee2c8dfe07320d4e9d54709d5e95fa588ecf5a96391dc8d8d4", size = 11381070, upload-time = "2026-07-22T01:02:36.625Z" },
    { url = "https://files.pythonhosted.org/packages/aa/c1/609840f13d1c48e88e5b431fe789650da14cb25da0df2979fe08ce422e73/ty-0.0.62-py3-none-win_amd64.whl", hash = "sha256:d88c2594e6a33c5f859c1d9016ad6137ec304c5d51422ce48894d2b9393956a7", size = 12415015, upload-time = "2026-07-22T01:02:39.193Z" },
    { url = "https://files.pythonhosted.org/packages/0f/a8/43f838fa38922f175a223814120b5faeb1bb6e5ef1533e45f543c0f510b8/ty-0.0.62-py3-none-win_arm64.whl", hash = "sha256:11b5e7df21890bef3eda49ae15a0c4d12554917ec4ea90ea985caa33241af627", size = 11773787, upload-time = "2026-07-22T01:02:41.564Z" },
]

[[package]]
name = "virtualenv"
version = "21.7.0"
source = { registry = "https://pypi.org/simple" }
dependencies = [
    { name = "distlib" },
    { name = "filelock" },
    { name = "platformdirs" },
    { name = "python-discovery" },
]
sdist = { url = "https://files.pythonhosted.org/packages/fe/25/e367a7229b0914772ca8d81b41fde012d9feda68523b52644a571bb21ce8/virtualenv-21.7.0.tar.gz", hash = "sha256:7f9519b9432ff11b6e1a3e94061664efc2ff99ea21780e3cf4f6bd0a5da8b37c", size = 5527510, upload-time = "2026-07-21T13:12:14.109Z" }
wheels = [
    { url = "https://files.pythonhosted.org/packages/a5/7a/ae29312b1e88a22e81f5d21fc11526d2a114089776c2550d2b205b6c2a47/virtualenv-21.7.0-py3-none-any.whl", hash = "sha256:a8370c1c5530fbabf955e40b8fbbc68a431648b10f9433faa587db30a06e51dd", size = 5507078, upload-time = "2026-07-21T13:12:12.136Z" },
]
